
Microsoft Visual Studio Solution File, Format Version 12.00
# Visual Studio 15
VisualStudioVersion = 15.0.27703.2042
MinimumVisualStudioVersion = 10.0.40219.1
Project("{2150E333-8FDC-42A3-9474-1A3956D46DE8}") = "src", "src", "{94247334-2DF2-43A5-891F-25D82CDC928D}"
EndProject
Project("{2150E333-8FDC-42A3-9474-1A3956D46DE8}") = "Services", "Services", "{A2638387-D0B3-45AC-B824-352A621E806C}"
EndProject
Project("{2150E333-8FDC-42A3-9474-1A3956D46DE8}") = "Web", "Web", "{DBD44BB7-C168-4374-8726-83A645BD93DE}"
EndProject
Project("{FAE04EC0-301F-11D3-BF4B-00C04F79EFBC}") = "ProductCatalogApi", "src\Services\ProductCatalogApi\ProductCatalogApi.csproj", "{840C4061-05A7-44A8-BD05-AB7BBAE110BE}"
EndProject
Global
	GlobalSection(SolutionConfigurationPlatforms) = preSolution
		Debug|Any CPU = Debug|Any CPU
		Release|Any CPU = Release|Any CPU
	EndGlobalSection
	GlobalSection(ProjectConfigurationPlatforms) = postSolution
		{840C4061-05A7-44A8-BD05-AB7BBAE110BE}.Debug|Any CPU.ActiveCfg = Debug|Any CPU
		{840C4061-05A7-44A8-BD05-AB7BBAE110BE}.Debug|Any CPU.Build.0 = Debug|Any CPU
		{840C4061-05A7-44A8-BD05-AB7BBAE110BE}.Release|Any CPU.ActiveCfg = Release|Any CPU
		{840C4061-05A7-44A8-BD05-AB7BBAE110BE}.Release|Any CPU.Build.0 = Release|Any CPU
	EndGlobalSection
	GlobalSection(SolutionProperties) = preSolution
		HideSolutionNode = FALSE
	EndGlobalSection
	GlobalSection(NestedProjects) = preSolution
		{A2638387-D0B3-45AC-B824-352A621E806C} = {94247334-2DF2-43A5-891F-25D82CDC928D}
		{DBD44BB7-C168-4374-8726-83A645BD93DE} = {94247334-2DF2-43A5-891F-25D82CDC928D}
		{840C4061-05A7-44A8-BD05-AB7BBAE110BE} = {A2638387-D0B3-45AC-B824-352A621E806C}
	EndGlobalSection
	GlobalSection(ExtensibilityGlobals) = postSolution
		SolutionGuid = {C0AABB6E-284F-4571-B375-4A6E6452EE83}
	EndGlobalSection
EndGlobal
